
Microsoft Visual Studio Solution File, Format Version 12.00
# Visual Studio Version 16
VisualStudioVersion = 16.0.31112.23
MinimumVisualStudioVersion = 10.0.40219.1
Project("{9A19103F-16F7-4668-BE54-9A1E7A4F7556}") = "CalculatorFunction", "CalculatorFunction\CalculatorFunction.csproj", "{CC51406E-D236-4CB1-99CD-C4DEA4505B54}"
EndProject
Project("{9A19103F-16F7-4668-BE54-9A1E7A4F7556}") = "CalculatorFunction.Model", "CalculatorFunction.Model\CalculatorFunction.Model.csproj", "{436A97DC-10EB-41E7-9C03-183D521B4114}"
EndProject
Project("{9A19103F-16F7-4668-BE54-9A1E7A4F7556}") = "CalculatorFunction.Operations", "CalculatorFunction.Operations\CalculatorFunction.Operations.csproj", "{C26E996D-AEE5-4F1C-BCE6-0E48A82F8C58}"
EndProject
Project("{9A19103F-16F7-4668-BE54-9A1E7A4F7556}") = "Calculator.BusinessLogic", "Calculator.BusinessLogic\Calculator.BusinessLogic.csproj", "{C6FF4899-9A11-46D5-9BCA-F59602B27737}"
EndProject
Project("{FAE04EC0-301F-11D3-BF4B-00C04F79EFBC}") = "Calculator.BusinessLogic.Tests", "Tests\Calculator.BusinessLogic.Tests\Calculator.BusinessLogic.Tests.csproj", "{01DDD866-A086-4837-964E-67405F2A9C30}"
EndProject
Global
	GlobalSection(SolutionConfigurationPlatforms) = preSolution
		Debug|Any CPU = Debug|Any CPU
		Release|Any CPU = Release|Any CPU
	EndGlobalSection
	GlobalSection(ProjectConfigurationPlatforms) = postSolution
		{CC51406E-D236-4CB1-99CD-C4DEA4505B54}.Debug|Any CPU.ActiveCfg = Debug|Any CPU
		{CC51406E-D236-4CB1-99CD-C4DEA4505B54}.Debug|Any CPU.Build.0 = Debug|Any CPU
		{CC51406E-D236-4CB1-99CD-C4DEA4505B54}.Release|Any CPU.ActiveCfg = Release|Any CPU
		{CC51406E-D236-4CB1-99CD-C4DEA4505B54}.Release|Any CPU.Build.0 = Release|Any CPU
		{436A97DC-10EB-41E7-9C03-183D521B4114}.Debug|Any CPU.ActiveCfg = Debug|Any CPU
		{436A97DC-10EB-41E7-9C03-183D521B4114}.Debug|Any CPU.Build.0 = Debug|Any CPU
		{436A97DC-10EB-41E7-9C03-183D521B4114}.Release|Any CPU.ActiveCfg = Release|Any CPU
		{436A97DC-10EB-41E7-9C03-183D521B4114}.Release|Any CPU.Build.0 = Release|Any CPU
		{C26E996D-AEE5-4F1C-BCE6-0E48A82F8C58}.Debug|Any CPU.ActiveCfg = Debug|Any CPU
		{C26E996D-AEE5-4F1C-BCE6-0E48A82F8C58}.Debug|Any CPU.Build.0 = Debug|Any CPU
		{C26E996D-AEE5-4F1C-BCE6-0E48A82F8C58}.Release|Any CPU.ActiveCfg = Release|Any CPU
		{C26E996D-AEE5-4F1C-BCE6-0E48A82F8C58}.Release|Any CPU.Build.0 = Release|Any CPU
		{C6FF4899-9A11-46D5-9BCA-F59602B27737}.Debug|Any CPU.ActiveCfg = Debug|Any CPU
		{C6FF4899-9A11-46D5-9BCA-F59602B27737}.Debug|Any CPU.Build.0 = Debug|Any CPU
		{C6FF4899-9A11-46D5-9BCA-F59602B27737}.Release|Any CPU.ActiveCfg = Release|Any CPU
		{C6FF4899-9A11-46D5-9BCA-F59602B27737}.Release|Any CPU.Build.0 = Release|Any CPU
		{01DDD866-A086-4837-964E-67405F2A9C30}.Debug|Any CPU.ActiveCfg = Debug|Any CPU
		{01DDD866-A086-4837-964E-67405F2A9C30}.Debug|Any CPU.Build.0 = Debug|Any CPU
		{01DDD866-A086-4837-964E-67405F2A9C30}.Release|Any CPU.ActiveCfg = Release|Any CPU
		{01DDD866-A086-4837-964E-67405F2A9C30}.Release|Any CPU.Build.0 = Release|Any CPU
	EndGlobalSection
	GlobalSection(SolutionProperties) = preSolution
		HideSolutionNode = FALSE
	EndGlobalSection
	GlobalSection(ExtensibilityGlobals) = postSolution
		SolutionGuid = {8B64AF6B-244D-4893-9A57-BEA099E7D017}
	EndGlobalSection
EndGlobal
